
Microsoft Visual Studio Solution File, Format Version 12.00
# Visual Studio Version 17
VisualStudioVersion = 17.2.32519.379
MinimumVisualStudioVersion = 10.0.40219.1
Project("{FAE04EC0-301F-11D3-BF4B-00C04F79EFBC}") = "Test Paper", "Test Paper.csproj", "{F46C70D5-0D16-41FD-89DE-C50DD8A6E5CB}"
EndProject
Global
	GlobalSection(SolutionConfigurationPlatforms) = preSolution
		Debug|Any CPU = Debug|Any CPU
		Release|Any CPU = Release|Any CPU
	EndGlobalSection
	GlobalSection(ProjectConfigurationPlatforms) = postSolution
		{F46C70D5-0D16-41FD-89DE-C50DD8A6E5CB}.Debug|Any CPU.ActiveCfg = Debug|Any CPU
		{F46C70D5-0D16-41FD-89DE-C50DD8A6E5CB}.Debug|Any CPU.Build.0 = Debug|Any CPU
		{F46C70D5-0D16-41FD-89DE-C50DD8A6E5CB}.Release|Any CPU.ActiveCfg = Release|Any CPU
		{F46C70D5-0D16-41FD-89DE-C50DD8A6E5CB}.Release|Any CPU.Build.0 = Release|Any CPU
	EndGlobalSection
	GlobalSection(SolutionProperties) = preSolution
		HideSolutionNode = FALSE
	EndGlobalSection
	GlobalSection(ExtensibilityGlobals) = postSolution
		SolutionGuid = {F0F0A053-FF8F-46DA-BA25-0BA096974DF3}
	EndGlobalSection
EndGlobal
